Microsoft Visual Studio Solution File, Format Version 8.00
Project("{8BC9CEB8-8B4A-11D0-8D11-00A0C91BC942}") = "libBALL", "Libs\libBALL\libBALL.vcproj", "{98714B1B-8ADD-418B-BF10-404EAA830356}"
	ProjectSection(ProjectDependencies) = postProject
	EndProjectSection
EndProject
Project("{8BC9CEB8-8B4A-11D0-8D11-00A0C91BC942}") = "libView", "Libs\libVIEW\libVIEW.vcproj", "{D22286C8-99CD-4416-A394-ACB3346751BE}"
	ProjectSection(ProjectDependencies) = postProject
	EndProjectSection
EndProject
Project("{8BC9CEB8-8B4A-11D0-8D11-00A0C91BC942}") = "BALLView", "Applications\BALLView\BALLView.vcproj", "{BCFF90FA-28B4-43EB-88BA-6BB7339AA1DC}"
	ProjectSection(ProjectDependencies) = postProject
	EndProjectSection
EndProject
Project("{8BC9CEB8-8B4A-11D0-8D11-00A0C91BC942}") = "Tests", "Tests\Tests.vcproj", "{253B8927-6644-43B8-A48F-847A4D338C59}"
	ProjectSection(ProjectDependencies) = postProject
		{98714B1B-8ADD-418B-BF10-404EAA830356} = {98714B1B-8ADD-418B-BF10-404EAA830356}
	EndProjectSection
EndProject
Project("{8BC9CEB8-8B4A-11D0-8D11-00A0C91BC942}") = "Benchmarks", "Benchmarks\Benchmarks.vcproj", "{253B8927-6644-43B8-A48F-847A4D338C59}"
	ProjectSection(ProjectDependencies) = postProject
		{98714B1B-8ADD-418B-BF10-404EAA830356} = {98714B1B-8ADD-418B-BF10-404EAA830356}
	EndProjectSection
EndProject
Project("{8BC9CEB8-8B4A-11D0-8D11-00A0C91BC942}") = "Python Module", "Libs\Python Module\Python Module.vcproj", "{0B89FAB2-C97D-4A9D-BA5E-1A5E9A74995F}"
	ProjectSection(ProjectDependencies) = postProject
	EndProjectSection
EndProject
Global
	GlobalSection(DPCodeReviewSolutionGUID) = preSolution
		DPCodeReviewSolutionGUID = {00000000-0000-0000-0000-000000000000}
	EndGlobalSection
	GlobalSection(SolutionConfiguration) = preSolution
		Release = Release
	EndGlobalSection
	GlobalSection(ProjectConfiguration) = postSolution
		{98714B1B-8ADD-418B-BF10-404EAA830356}.Release.ActiveCfg = Release|Win32
		{98714B1B-8ADD-418B-BF10-404EAA830356}.Release.Build.0 = Release|Win32
		{D22286C8-99CD-4416-A394-ACB3346751BE}.Release.ActiveCfg = Release|Win32
		{D22286C8-99CD-4416-A394-ACB3346751BE}.Release.Build.0 = Release|Win32
		{BCFF90FA-28B4-43EB-88BA-6BB7339AA1DC}.Release.ActiveCfg = Release|Win32
		{BCFF90FA-28B4-43EB-88BA-6BB7339AA1DC}.Release.Build.0 = Release|Win32
		{253B8927-6644-43B8-A48F-847A4D338C59}.Release.ActiveCfg = Release|Win32
		{253B8927-6644-43B8-A48F-847A4D338C59}.Release.ActiveCfg = Release|Win32
		{0B89FAB2-C97D-4A9D-BA5E-1A5E9A74995F}.Release.ActiveCfg = Release|Win32
	EndGlobalSection
	GlobalSection(ExtensibilityGlobals) = postSolution
	EndGlobalSection
	GlobalSection(ExtensibilityAddIns) = postSolution
	EndGlobalSection
EndGlobal
