
Microsoft Visual Studio Solution File, Format Version 10.00
# Visual Studio 2008
Project("{8BC9CEB8-8B4A-11D0-8D11-00A0C91BC942}") = "libBALL", "libBALL\libBALL.vcproj", "{DCC9A904-EED8-4F9F-AC07-571BE8F7F3FF}"
EndProject
Project("{8BC9CEB8-8B4A-11D0-8D11-00A0C91BC942}") = "libVIEW", "libVIEW\libVIEW.vcproj", "{EED415DA-D9BF-4087-85C8-FC98AACEBB9A}"
EndProject
Project("{8BC9CEB8-8B4A-11D0-8D11-00A0C91BC942}") = "TEST", "TEST\TEST.vcproj", "{BE13AEBE-08B2-4F3E-AF31-5CAA6848DEDA}"
EndProject
Project("{8BC9CEB8-8B4A-11D0-8D11-00A0C91BC942}") = "TEST_ClassTest", "TEST_ClassTest\TEST_ClassTest.vcproj", "{05307BF4-E0A3-4EC3-BDB2-BFC139BDF1EB}"
EndProject
Global
	GlobalSection(SolutionConfigurationPlatforms) = preSolution
		Debug|Win32 = Debug|Win32
		Release|Win32 = Release|Win32
	EndGlobalSection
	GlobalSection(ProjectConfigurationPlatforms) = postSolution
		{DCC9A904-EED8-4F9F-AC07-571BE8F7F3FF}.Debug|Win32.ActiveCfg = Debug|Win32
		{DCC9A904-EED8-4F9F-AC07-571BE8F7F3FF}.Debug|Win32.Build.0 = Debug|Win32
		{DCC9A904-EED8-4F9F-AC07-571BE8F7F3FF}.Release|Win32.ActiveCfg = Release|Win32
		{DCC9A904-EED8-4F9F-AC07-571BE8F7F3FF}.Release|Win32.Build.0 = Release|Win32
		{EED415DA-D9BF-4087-85C8-FC98AACEBB9A}.Debug|Win32.ActiveCfg = Debug|Win32
		{EED415DA-D9BF-4087-85C8-FC98AACEBB9A}.Debug|Win32.Build.0 = Debug|Win32
		{EED415DA-D9BF-4087-85C8-FC98AACEBB9A}.Release|Win32.ActiveCfg = Release|Win32
		{EED415DA-D9BF-4087-85C8-FC98AACEBB9A}.Release|Win32.Build.0 = Release|Win32
		{BE13AEBE-08B2-4F3E-AF31-5CAA6848DEDA}.Debug|Win32.ActiveCfg = Debug|Win32
		{BE13AEBE-08B2-4F3E-AF31-5CAA6848DEDA}.Debug|Win32.Build.0 = Debug|Win32
		{BE13AEBE-08B2-4F3E-AF31-5CAA6848DEDA}.Release|Win32.ActiveCfg = Release|Win32
		{BE13AEBE-08B2-4F3E-AF31-5CAA6848DEDA}.Release|Win32.Build.0 = Release|Win32
		{05307BF4-E0A3-4EC3-BDB2-BFC139BDF1EB}.Debug|Win32.ActiveCfg = Debug|Win32
		{05307BF4-E0A3-4EC3-BDB2-BFC139BDF1EB}.Debug|Win32.Build.0 = Debug|Win32
		{05307BF4-E0A3-4EC3-BDB2-BFC139BDF1EB}.Release|Win32.ActiveCfg = Release|Win32
		{05307BF4-E0A3-4EC3-BDB2-BFC139BDF1EB}.Release|Win32.Build.0 = Release|Win32
	EndGlobalSection
	GlobalSection(SolutionProperties) = preSolution
		HideSolutionNode = FALSE
	EndGlobalSection
	GlobalSection(Qt) = preSolution
		Integration = True
	EndGlobalSection
	GlobalSection(Qt) = preSolution
		Integration = True
	EndGlobalSection
	GlobalSection(Qt) = preSolution
		Integration = True
	EndGlobalSection
	GlobalSection(Qt) = preSolution
		Integration = True
	EndGlobalSection
EndGlobal
